dependencies:
  espressif/onewire_bus:
    component_hash: c4c781940d8bd988432b47ac3ee68479c69e14e01fdfba0b61365b233a3ba5d6
    dependencies:
    - name: idf
      require: private
      version: '>=5.0'
    source:
      registry_url: https://components.espressif.com/
      type: service
    version: 1.0.2
  idf:
    source:
      type: idf
    version: 5.1.6
direct_dependencies:
- espressif/onewire_bus
manifest_hash: 20d110de4451b72040dffbd20424497ecf1b9b641a9b06eca21651d598c7386d
target: esp32
version: 2.0.0
